
Microsoft Visual Studio Solution File, Format Version 12.00
# Visual Studio Version 17
VisualStudioVersion = 17.13.35931.197 d17.13
MinimumVisualStudioVersion = 10.0.40219.1
Project("{FAE04EC0-301F-11D3-BF4B-00C04F79EFBC}") = "Testing Results", "Testing Results.csproj", "{3A211A3D-3CE1-470F-88FC-7486CB686DA9}"
EndProject
Global
	GlobalSection(SolutionConfigurationPlatforms) = preSolution
		Debug|Any CPU = Debug|Any CPU
		Release|Any CPU = Release|Any CPU
	EndGlobalSection
	GlobalSection(ProjectConfigurationPlatforms) = postSolution
		{3A211A3D-3CE1-470F-88FC-7486CB686DA9}.Debug|Any CPU.ActiveCfg = Debug|Any CPU
		{3A211A3D-3CE1-470F-88FC-7486CB686DA9}.Debug|Any CPU.Build.0 = Debug|Any CPU
		{3A211A3D-3CE1-470F-88FC-7486CB686DA9}.Release|Any CPU.ActiveCfg = Release|Any CPU
		{3A211A3D-3CE1-470F-88FC-7486CB686DA9}.Release|Any CPU.Build.0 = Release|Any CPU
	EndGlobalSection
	GlobalSection(SolutionProperties) = preSolution
		HideSolutionNode = FALSE
	EndGlobalSection
	GlobalSection(ExtensibilityGlobals) = postSolution
		SolutionGuid = {DEF205DA-A5CA-4450-B198-5F54E954998C}
	EndGlobalSection
EndGlobal
